// !$*UTF8*$!
{
	archiveVersion = 1;
	classes = {
	};
	objectVersion = 46;
	objects = {

/* Begin PBXBuildFile section */
		BB05659A18974E8B00A0AEAF /* vive.jpg in Resources */ = {isa = PBXBuildFile; fileRef = BB05659918974E8B00A0AEAF /* vive.jpg */; };
		BB05659D1897523200A0AEAF /* InventoryCategory.m in Sources */ = {isa = PBXBuildFile; fileRef = BB05659C1897523200A0AEAF /* InventoryCategory.m */; };
		BB0565A61897523300A0AEAF /* BandCategory.m in Sources */ = {isa = PBXBuildFile; fileRef = BB0565A51897523300A0AEAF /* BandCategory.m */; };
		BB4350E0189856B900A79B7D /* EventInventoryReserves.m in Sources */ = {isa = PBXBuildFile; fileRef = BB4350DF189856B900A79B7D /* EventInventoryReserves.m */; };
		BB4350EC18987B2500A79B7D /* Inventory.m in Sources */ = {isa = PBXBuildFile; fileRef = BB4350EB18987B2500A79B7D /* Inventory.m */; };
		BB4350F61898925200A79B7D /* BOColor.m in Sources */ = {isa = PBXBuildFile; fileRef = BB4350F51898925200A79B7D /* BOColor.m */; };
		BB5C2A161895909F00EA1EEC /* Cocoa.framework in Frameworks */ = {isa = PBXBuildFile; fileRef = BB5C2A151895909F00EA1EEC /* Cocoa.framework */; };
		BB5C2A201895909F00EA1EEC /* InfoPlist.strings in Resources */ = {isa = PBXBuildFile; fileRef = BB5C2A1E1895909F00EA1EEC /* InfoPlist.strings */; };
		BB5C2A221895909F00EA1EEC /* main.m in Sources */ = {isa = PBXBuildFile; fileRef = BB5C2A211895909F00EA1EEC /* main.m */; };
		BB5C2A261895909F00EA1EEC /* Credits.rtf in Resources */ = {isa = PBXBuildFile; fileRef = BB5C2A241895909F00EA1EEC /* Credits.rtf */; };
		BB5C2A291895909F00EA1EEC /* BOAppDelegate.m in Sources */ = {isa = PBXBuildFile; fileRef = BB5C2A281895909F00EA1EEC /* BOAppDelegate.m */; };
		BB5C2A2C1895909F00EA1EEC /* MainMenu.xib in Resources */ = {isa = PBXBuildFile; fileRef = BB5C2A2A1895909F00EA1EEC /* MainMenu.xib */; };
		BB5C2A2F1895909F00EA1EEC /* FestivalOrders.xcdatamodeld in Sources */ = {isa = PBXBuildFile; fileRef = BB5C2A2D1895909F00EA1EEC /* FestivalOrders.xcdatamodeld */; };
		BB5C2A311895909F00EA1EEC /* Images.xcassets in Resources */ = {isa = PBXBuildFile; fileRef = BB5C2A301895909F00EA1EEC /* Images.xcassets */; };
		BB5C2A38189590A000EA1EEC /* XCTest.framework in Frameworks */ = {isa = PBXBuildFile; fileRef = BB5C2A37189590A000EA1EEC /* XCTest.framework */; };
		BB5C2A39189590A000EA1EEC /* Cocoa.framework in Frameworks */ = {isa = PBXBuildFile; fileRef = BB5C2A151895909F00EA1EEC /* Cocoa.framework */; };
		BB5C2A41189590A000EA1EEC /* InfoPlist.strings in Resources */ = {isa = PBXBuildFile; fileRef = BB5C2A3F189590A000EA1EEC /* InfoPlist.strings */; };
		BB5C2A43189590A000EA1EEC /* FestivalOrdersTests.m in Sources */ = {isa = PBXBuildFile; fileRef = BB5C2A42189590A000EA1EEC /* FestivalOrdersTests.m */; };
		BB5C2A671895A2D100EA1EEC /* BOMainWindowController.m in Sources */ = {isa = PBXBuildFile; fileRef = BB5C2A651895A2D100EA1EEC /* BOMainWindowController.m */; };
		BB5F3F22189B6E850074A2F0 /* BOAggregatedOrders.m in Sources */ = {isa = PBXBuildFile; fileRef = BB5F3F21189B6E850074A2F0 /* BOAggregatedOrders.m */; };
		BB5F3F25189B7FC50074A2F0 /* BONullSortDescriptor.m in Sources */ = {isa = PBXBuildFile; fileRef = BB5F3F24189B7FC50074A2F0 /* BONullSortDescriptor.m */; };
		BB5F3F28189E15DA0074A2F0 /* NSColor+BOColor.m in Sources */ = {isa = PBXBuildFile; fileRef = BB5F3F27189E15DA0074A2F0 /* NSColor+BOColor.m */; };
		BB5F3F2A189E20F00074A2F0 /* CategoryReport.html in Resources */ = {isa = PBXBuildFile; fileRef = BB5F3F29189E20F00074A2F0 /* CategoryReport.html */; };
		BB5F3F2C189E2CA90074A2F0 /* BandOrderExpenseReport.html in Resources */ = {isa = PBXBuildFile; fileRef = BB5F3F2B189E2CA90074A2F0 /* BandOrderExpenseReport.html */; };
		BB5F3F32189E3C100074A2F0 /* DataToImageTransformer.m in Sources */ = {isa = PBXBuildFile; fileRef = BB5F3F31189E3C100074A2F0 /* DataToImageTransformer.m */; };
		BB5F3F38189E3D7E0074A2F0 /* Event.m in Sources */ = {isa = PBXBuildFile; fileRef = BB5F3F37189E3D7E0074A2F0 /* Event.m */; };
		BB69501B189F47BC001DE7AF /* Band.m in Sources */ = {isa = PBXBuildFile; fileRef = BB69501A189F47BC001DE7AF /* Band.m */; };
		BBF45375189899B200E6B03C /* BOColorWellViewController.m in Sources */ = {isa = PBXBuildFile; fileRef = BBF45373189899B200E6B03C /* BOColorWellViewController.m */; };
		BBF45376189899B200E6B03C /* BOColorWellViewController.xib in Resources */ = {isa = PBXBuildFile; fileRef = BBF45374189899B200E6B03C /* BOColorWellViewController.xib */; };
		BBF453781898C2C000E6B03C /* BandExpenseReport.html in Resources */ = {isa = PBXBuildFile; fileRef = BBF453771898C2C000E6B03C /* BandExpenseReport.html */; };
		BBF4537B1899D39900E6B03C /* BONavBarViewController.m in Sources */ = {isa = PBXBuildFile; fileRef = BBF4537A1899D39900E6B03C /* BONavBarViewController.m */; };
		BBF4537E189A053000E6B03C /* BOBandViewController.m in Sources */ = {isa = PBXBuildFile; fileRef = BBF4537D189A053000E6B03C /* BOBandViewController.m */; };
		BBF9AE44189618AB0004629D /* BOEventViewController.m in Sources */ = {isa = PBXBuildFile; fileRef = BBF9AE43189618AB0004629D /* BOEventViewController.m */; };
		BBF9AE461896DF850004629D /* EventOrders.html in Resources */ = {isa = PBXBuildFile; fileRef = BBF9AE451896DF850004629D /* EventOrders.html */; };
		BBF9AE491896EA7B0004629D /* BOReportViewController.m in Sources */ = {isa = PBXBuildFile; fileRef = BBF9AE481896EA7B0004629D /* BOReportViewController.m */; };
		BBF9AE4B1896F3A30004629D /* WebKit.framework in Frameworks */ = {isa = PBXBuildFile; fileRef = BBF9AE4A1896F3A30004629D /* WebKit.framework */; };
		BBF9AE4D1896FF5B0004629D /* BandOrderReport.html in Resources */ = {isa = PBXBuildFile; fileRef = BBF9AE4C1896FF5B0004629D /* BandOrderReport.html */; };
		BBF9AE4F189707040004629D /* OrderForm.html in Resources */ = {isa = PBXBuildFile; fileRef = BBF9AE4E189707040004629D /* OrderForm.html */; };
		BBF9AE51189707FB0004629D /* style.css in Resources */ = {isa = PBXBuildFile; fileRef = BBF9AE50189707FB0004629D /* style.css */; };
		BBFFC9E0189A0E0F00D2858D /* BOOrderViewController.m in Sources */ = {isa = PBXBuildFile; fileRef = BBFFC9DF189A0E0F00D2858D /* BOOrderViewController.m */; };
		BBFFC9E4189A163200D2858D /* BODeliveriesViewController.m in Sources */ = {isa = PBXBuildFile; fileRef = BBFFC9E3189A163200D2858D /* BODeliveriesViewController.m */; };
		BBFFC9E8189A242400D2858D /* Order.m in Sources */ = {isa = PBXBuildFile; fileRef = BBFFC9E7189A242400D2858D /* Order.m */; };
/* End PBXBuildFile section */

/* Begin PBXContainerItemProxy section */
		BB5C2A3A189590A000EA1EEC /* PBXContainerItemProxy */ = {
			isa = PBXContainerItemProxy;
			containerPortal = BB5C2A0A1895909F00EA1EEC /* Project object */;
			proxyType = 1;
			remoteGlobalIDString = BB5C2A111895909F00EA1EEC;
			remoteInfo = FestivalOrders;
		};
/* End PBXContainerItemProxy section */

/* Begin PBXFileReference section */
		BB05659918974E8B00A0AEAF /* vive.jpg */ = {isa = PBXFileReference; lastKnownFileType = image.jpeg; path = vive.jpg; sourceTree = "<group>"; };
		BB05659B1897523200A0AEAF /* InventoryCategory.h */ = {isa = PBXFileReference; fileEncoding = 4; lastKnownFileType = sourcecode.c.h; path = InventoryCategory.h; sourceTree = "<group>"; };
		BB05659C1897523200A0AEAF /* InventoryCategory.m */ = {isa = PBXFileReference; fileEncoding = 4; lastKnownFileType = sourcecode.c.objc; path = InventoryCategory.m; sourceTree = "<group>"; };
		BB0565A41897523300A0AEAF /* BandCategory.h */ = {isa = PBXFileReference; fileEncoding = 4; lastKnownFileType = sourcecode.c.h; path = BandCategory.h; sourceTree = "<group>"; };
		BB0565A51897523300A0AEAF /* BandCategory.m */ = {isa = PBXFileReference; fileEncoding = 4; lastKnownFileType = sourcecode.c.objc; path = BandCategory.m; sourceTree = "<group>"; };
		BB4350DE189856B900A79B7D /* EventInventoryReserves.h */ = {isa = PBXFileReference; fileEncoding = 4; lastKnownFileType = sourcecode.c.h; path = EventInventoryReserves.h; sourceTree = "<group>"; };
		BB4350DF189856B900A79B7D /* EventInventoryReserves.m */ = {isa = PBXFileReference; fileEncoding = 4; lastKnownFileType = sourcecode.c.objc; path = EventInventoryReserves.m; sourceTree = "<group>"; };
		BB4350EA18987B2500A79B7D /* Inventory.h */ = {isa = PBXFileReference; fileEncoding = 4; lastKnownFileType = sourcecode.c.h; path = Inventory.h; sourceTree = "<group>"; };
		BB4350EB18987B2500A79B7D /* Inventory.m */ = {isa = PBXFileReference; fileEncoding = 4; lastKnownFileType = sourcecode.c.objc; path = Inventory.m; sourceTree = "<group>"; };
		BB4350F41898925200A79B7D /* BOColor.h */ = {isa = PBXFileReference; fileEncoding = 4; lastKnownFileType = sourcecode.c.h; path = BOColor.h; sourceTree = "<group>"; };
		BB4350F51898925200A79B7D /* BOColor.m */ = {isa = PBXFileReference; fileEncoding = 4; lastKnownFileType = sourcecode.c.objc; path = BOColor.m; sourceTree = "<group>"; };
		BB5C2A121895909F00EA1EEC /* FestivalOrders.app */ = {isa = PBXFileReference; explicitFileType = wrapper.application; includeInIndex = 0; path = FestivalOrders.app; sourceTree = BUILT_PRODUCTS_DIR; };
		BB5C2A151895909F00EA1EEC /* Cocoa.framework */ = {isa = PBXFileReference; lastKnownFileType = wrapper.framework; name = Cocoa.framework; path = System/Library/Frameworks/Cocoa.framework; sourceTree = SDKROOT; };
		BB5C2A181895909F00EA1EEC /* AppKit.framework */ = {isa = PBXFileReference; lastKnownFileType = wrapper.framework; name = AppKit.framework; path = System/Library/Frameworks/AppKit.framework; sourceTree = SDKROOT; };
		BB5C2A191895909F00EA1EEC /* CoreData.framework */ = {isa = PBXFileReference; lastKnownFileType = wrapper.framework; name = CoreData.framework; path = System/Library/Frameworks/CoreData.framework; sourceTree = SDKROOT; };
		BB5C2A1A1895909F00EA1EEC /* Foundation.framework */ = {isa = PBXFileReference; lastKnownFileType = wrapper.framework; name = Foundation.framework; path = System/Library/Frameworks/Foundation.framework; sourceTree = SDKROOT; };
		BB5C2A1D1895909F00EA1EEC /* FestivalOrders-Info.plist */ = {isa = PBXFileReference; lastKnownFileType = text.plist.xml; path = "FestivalOrders-Info.plist"; sourceTree = "<group>"; };
		BB5C2A1F1895909F00EA1EEC /* en */ = {isa = PBXFileReference; lastKnownFileType = text.plist.strings; name = en; path = en.lproj/InfoPlist.strings; sourceTree = "<group>"; };
		BB5C2A211895909F00EA1EEC /* main.m */ = {isa = PBXFileReference; lastKnownFileType = sourcecode.c.objc; path = main.m; sourceTree = "<group>"; };
		BB5C2A231895909F00EA1EEC /* FestivalOrders-Prefix.pch */ = {isa = PBXFileReference; lastKnownFileType = sourcecode.c.h; path = "FestivalOrders-Prefix.pch"; sourceTree = "<group>"; };
		BB5C2A251895909F00EA1EEC /* en */ = {isa = PBXFileReference; lastKnownFileType = text.rtf; name = en; path = en.lproj/Credits.rtf; sourceTree = "<group>"; };
		BB5C2A271895909F00EA1EEC /* BOAppDelegate.h */ = {isa = PBXFileReference; lastKnownFileType = sourcecode.c.h; path = BOAppDelegate.h; sourceTree = "<group>"; };
		BB5C2A281895909F00EA1EEC /* BOAppDelegate.m */ = {isa = PBXFileReference; lastKnownFileType = sourcecode.c.objc; path = BOAppDelegate.m; sourceTree = "<group>"; };
		BB5C2A2B1895909F00EA1EEC /* Base */ = {isa = PBXFileReference; lastKnownFileType = file.xib; name = Base; path = Base.lproj/MainMenu.xib; sourceTree = "<group>"; };
		BB5C2A2E1895909F00EA1EEC /* FestivalOrders.xcdatamodel */ = {isa = PBXFileReference; lastKnownFileType = wrapper.xcdatamodel; path = FestivalOrders.xcdatamodel; sourceTree = "<group>"; };
		BB5C2A301895909F00EA1EEC /* Images.xcassets */ = {isa = PBXFileReference; lastKnownFileType = folder.assetcatalog; path = Images.xcassets; sourceTree = "<group>"; };
		BB5C2A36189590A000EA1EEC /* FestivalOrdersTests.xctest */ = {isa = PBXFileReference; explicitFileType = wrapper.cfbundle; includeInIndex = 0; path = FestivalOrdersTests.xctest; sourceTree = BUILT_PRODUCTS_DIR; };
		BB5C2A37189590A000EA1EEC /* XCTest.framework */ = {isa = PBXFileReference; lastKnownFileType = wrapper.framework; name = XCTest.framework; path = Library/Frameworks/XCTest.framework; sourceTree = DEVELOPER_DIR; };
		BB5C2A3E189590A000EA1EEC /* FestivalOrdersTests-Info.plist */ = {isa = PBXFileReference; lastKnownFileType = text.plist.xml; path = "FestivalOrdersTests-Info.plist"; sourceTree = "<group>"; };
		BB5C2A40189590A000EA1EEC /* en */ = {isa = PBXFileReference; lastKnownFileType = text.plist.strings; name = en; path = en.lproj/InfoPlist.strings; sourceTree = "<group>"; };
		BB5C2A42189590A000EA1EEC /* FestivalOrdersTests.m */ = {isa = PBXFileReference; lastKnownFileType = sourcecode.c.objc; path = FestivalOrdersTests.m; sourceTree = "<group>"; };
		BB5C2A641895A2D100EA1EEC /* BOMainWindowController.h */ = {isa = PBXFileReference; fileEncoding = 4; lastKnownFileType = sourcecode.c.h; path = BOMainWindowController.h; sourceTree = "<group>"; };
		BB5C2A651895A2D100EA1EEC /* BOMainWindowController.m */ = {isa = PBXFileReference; fileEncoding = 4; lastKnownFileType = sourcecode.c.objc; path = BOMainWindowController.m; sourceTree = "<group>"; };
		BB5F3F20189B6E850074A2F0 /* BOAggregatedOrders.h */ = {isa = PBXFileReference; fileEncoding = 4; lastKnownFileType = sourcecode.c.h; path = BOAggregatedOrders.h; sourceTree = "<group>"; };
		BB5F3F21189B6E850074A2F0 /* BOAggregatedOrders.m */ = {isa = PBXFileReference; fileEncoding = 4; lastKnownFileType = sourcecode.c.objc; path = BOAggregatedOrders.m; sourceTree = "<group>"; };
		BB5F3F23189B7FC50074A2F0 /* BONullSortDescriptor.h */ = {isa = PBXFileReference; fileEncoding = 4; lastKnownFileType = sourcecode.c.h; path = BONullSortDescriptor.h; sourceTree = "<group>"; };
		BB5F3F24189B7FC50074A2F0 /* BONullSortDescriptor.m */ = {isa = PBXFileReference; fileEncoding = 4; lastKnownFileType = sourcecode.c.objc; path = BONullSortDescriptor.m; sourceTree = "<group>"; };
		BB5F3F26189E15DA0074A2F0 /* NSColor+BOColor.h */ = {isa = PBXFileReference; fileEncoding = 4; lastKnownFileType = sourcecode.c.h; name = "NSColor+BOColor.h"; path = "FestivalOrders/NSColor+BOColor.h"; sourceTree = "<group>"; };
		BB5F3F27189E15DA0074A2F0 /* NSColor+BOColor.m */ = {isa = PBXFileReference; fileEncoding = 4; lastKnownFileType = sourcecode.c.objc; name = "NSColor+BOColor.m"; path = "FestivalOrders/NSColor+BOColor.m"; sourceTree = "<group>"; };
		BB5F3F29189E20F00074A2F0 /* CategoryReport.html */ = {isa = PBXFileReference; fileEncoding = 4; lastKnownFileType = text.html; path = CategoryReport.html; sourceTree = "<group>"; };
		BB5F3F2B189E2CA90074A2F0 /* BandOrderExpenseReport.html */ = {isa = PBXFileReference; fileEncoding = 4; lastKnownFileType = text.html; path = BandOrderExpenseReport.html; sourceTree = "<group>"; };
		BB5F3F30189E3C100074A2F0 /* DataToImageTransformer.h */ = {isa = PBXFileReference; fileEncoding = 4; lastKnownFileType = sourcecode.c.h; path = DataToImageTransformer.h; sourceTree = "<group>"; };
		BB5F3F31189E3C100074A2F0 /* DataToImageTransformer.m */ = {isa = PBXFileReference; fileEncoding = 4; lastKnownFileType = sourcecode.c.objc; path = DataToImageTransformer.m; sourceTree = "<group>"; };
		BB5F3F36189E3D7E0074A2F0 /* Event.h */ = {isa = PBXFileReference; fileEncoding = 4; lastKnownFileType = sourcecode.c.h; path = Event.h; sourceTree = "<group>"; };
		BB5F3F37189E3D7E0074A2F0 /* Event.m */ = {isa = PBXFileReference; fileEncoding = 4; lastKnownFileType = sourcecode.c.objc; path = Event.m; sourceTree = "<group>"; };
		BB695015189F463C001DE7AF /* FestivalOrders 4.xcdatamodel */ = {isa = PBXFileReference; lastKnownFileType = file; path = "FestivalOrders 4.xcdatamodel"; sourceTree = "<group>"; };
		BB695019189F47BC001DE7AF /* Band.h */ = {isa = PBXFileReference; fileEncoding = 4; lastKnownFileType = sourcecode.c.h; path = Band.h; sourceTree = "<group>"; };
		BB69501A189F47BC001DE7AF /* Band.m */ = {isa = PBXFileReference; fileEncoding = 4; lastKnownFileType = sourcecode.c.objc; path = Band.m; sourceTree = "<group>"; };
		BBD8B77818972B1900662AD1 /* FestivalOrders 2.xcdatamodel */ = {isa = PBXFileReference; lastKnownFileType = wrapper.xcdatamodel; path = "FestivalOrders 2.xcdatamodel"; sourceTree = "<group>"; };
		BBF45372189899B200E6B03C /* BOColorWellViewController.h */ = {isa = PBXFileReference; fileEncoding = 4; lastKnownFileType = sourcecode.c.h; path = BOColorWellViewController.h; sourceTree = "<group>"; };
		BBF45373189899B200E6B03C /* BOColorWellViewController.m */ = {isa = PBXFileReference; fileEncoding = 4; lastKnownFileType = sourcecode.c.objc; path = BOColorWellViewController.m; sourceTree = "<group>"; };
		BBF45374189899B200E6B03C /* BOColorWellViewController.xib */ = {isa = PBXFileReference; fileEncoding = 4; lastKnownFileType = file.xib; path = BOColorWellViewController.xib; sourceTree = "<group>"; };
		BBF453771898C2C000E6B03C /* BandExpenseReport.html */ = {isa = PBXFileReference; fileEncoding = 4; lastKnownFileType = text.html; path = BandExpenseReport.html; sourceTree = "<group>"; };
		BBF453791899D39900E6B03C /* BONavBarViewController.h */ = {isa = PBXFileReference; fileEncoding = 4; lastKnownFileType = sourcecode.c.h; path = BONavBarViewController.h; sourceTree = "<group>"; };
		BBF4537A1899D39900E6B03C /* BONavBarViewController.m */ = {isa = PBXFileReference; fileEncoding = 4; lastKnownFileType = sourcecode.c.objc; path = BONavBarViewController.m; sourceTree = "<group>"; };
		BBF4537C189A053000E6B03C /* BOBandViewController.h */ = {isa = PBXFileReference; fileEncoding = 4; lastKnownFileType = sourcecode.c.h; path = BOBandViewController.h; sourceTree = "<group>"; };
		BBF4537D189A053000E6B03C /* BOBandViewController.m */ = {isa = PBXFileReference; fileEncoding = 4; lastKnownFileType = sourcecode.c.objc; path = BOBandViewController.m; sourceTree = "<group>"; };
		BBF9AE42189618AB0004629D /* BOEventViewController.h */ = {isa = PBXFileReference; fileEncoding = 4; lastKnownFileType = sourcecode.c.h; path = BOEventViewController.h; sourceTree = "<group>"; };
		BBF9AE43189618AB0004629D /* BOEventViewController.m */ = {isa = PBXFileReference; fileEncoding = 4; lastKnownFileType = sourcecode.c.objc; path = BOEventViewController.m; sourceTree = "<group>"; };
		BBF9AE451896DF850004629D /* EventOrders.html */ = {isa = PBXFileReference; fileEncoding = 4; lastKnownFileType = text.html; path = EventOrders.html; sourceTree = "<group>"; };
		BBF9AE471896EA7B0004629D /* BOReportViewController.h */ = {isa = PBXFileReference; fileEncoding = 4; lastKnownFileType = sourcecode.c.h; path = BOReportViewController.h; sourceTree = "<group>"; };
		BBF9AE481896EA7B0004629D /* BOReportViewController.m */ = {isa = PBXFileReference; fileEncoding = 4; lastKnownFileType = sourcecode.c.objc; path = BOReportViewController.m; sourceTree = "<group>"; };
		BBF9AE4A1896F3A30004629D /* WebKit.framework */ = {isa = PBXFileReference; lastKnownFileType = wrapper.framework; name = WebKit.framework; path = System/Library/Frameworks/WebKit.framework; sourceTree = SDKROOT; };
		BBF9AE4C1896FF5B0004629D /* BandOrderReport.html */ = {isa = PBXFileReference; fileEncoding = 4; lastKnownFileType = text.html; path = BandOrderReport.html; sourceTree = "<group>"; };
		BBF9AE4E189707040004629D /* OrderForm.html */ = {isa = PBXFileReference; fileEncoding = 4; lastKnownFileType = text.html; path = OrderForm.html; sourceTree = "<group>"; };
		BBF9AE50189707FB0004629D /* style.css */ = {isa = PBXFileReference; fileEncoding = 4; lastKnownFileType = text.css; path = style.css; sourceTree = "<group>"; };
		BBFFC9DE189A0E0F00D2858D /* BOOrderViewController.h */ = {isa = PBXFileReference; fileEncoding = 4; lastKnownFileType = sourcecode.c.h; path = BOOrderViewController.h; sourceTree = "<group>"; };
		BBFFC9DF189A0E0F00D2858D /* BOOrderViewController.m */ = {isa = PBXFileReference; fileEncoding = 4; lastKnownFileType = sourcecode.c.objc; path = BOOrderViewController.m; sourceTree = "<group>"; };
		BBFFC9E2189A163200D2858D /* BODeliveriesViewController.h */ = {isa = PBXFileReference; fileEncoding = 4; lastKnownFileType = sourcecode.c.h; path = BODeliveriesViewController.h; sourceTree = "<group>"; };
		BBFFC9E3189A163200D2858D /* BODeliveriesViewController.m */ = {isa = PBXFileReference; fileEncoding = 4; lastKnownFileType = sourcecode.c.objc; path = BODeliveriesViewController.m; sourceTree = "<group>"; };
		BBFFC9E5189A239800D2858D /* FestivalOrders 3.xcdatamodel */ = {isa = PBXFileReference; lastKnownFileType = wrapper.xcdatamodel; path = "FestivalOrders 3.xcdatamodel"; sourceTree = "<group>"; };
		BBFFC9E6189A242400D2858D /* Order.h */ = {isa = PBXFileReference; fileEncoding = 4; lastKnownFileType = sourcecode.c.h; path = Order.h; sourceTree = "<group>"; };
		BBFFC9E7189A242400D2858D /* Order.m */ = {isa = PBXFileReference; fileEncoding = 4; lastKnownFileType = sourcecode.c.objc; path = Order.m; sourceTree = "<group>"; };
/* End PBXFileReference section */

/* Begin PBXFrameworksBuildPhase section */
		BB5C2A0F1895909F00EA1EEC /* Frameworks */ = {
			isa = PBXFrameworksBuildPhase;
			buildActionMask = 2147483647;
			files = (
				BBF9AE4B1896F3A30004629D /* WebKit.framework in Frameworks */,
				BB5C2A161895909F00EA1EEC /* Cocoa.framework in Frameworks */,
			);
			runOnlyForDeploymentPostprocessing = 0;
		};
		BB5C2A33189590A000EA1EEC /* Frameworks */ = {
			isa = PBXFrameworksBuildPhase;
			buildActionMask = 2147483647;
			files = (
				BB5C2A39189590A000EA1EEC /* Cocoa.framework in Frameworks */,
				BB5C2A38189590A000EA1EEC /* XCTest.framework in Frameworks */,
			);
			runOnlyForDeploymentPostprocessing = 0;
		};
/* End PBXFrameworksBuildPhase section */

/* Begin PBXGroup section */
		BB5C2A091895909F00EA1EEC = {
			isa = PBXGroup;
			children = (
				BB5F3F26189E15DA0074A2F0 /* NSColor+BOColor.h */,
				BB5F3F27189E15DA0074A2F0 /* NSColor+BOColor.m */,
				BB5C2A1B1895909F00EA1EEC /* FestivalOrders */,
				BB5C2A3C189590A000EA1EEC /* FestivalOrdersTests */,
				BB5C2A141895909F00EA1EEC /* Frameworks */,
				BB5C2A131895909F00EA1EEC /* Products */,
			);
			sourceTree = "<group>";
		};
		BB5C2A131895909F00EA1EEC /* Products */ = {
			isa = PBXGroup;
			children = (
				BB5C2A121895909F00EA1EEC /* FestivalOrders.app */,
				BB5C2A36189590A000EA1EEC /* FestivalOrdersTests.xctest */,
			);
			name = Products;
			sourceTree = "<group>";
		};
		BB5C2A141895909F00EA1EEC /* Frameworks */ = {
			isa = PBXGroup;
			children = (
				BBF9AE4A1896F3A30004629D /* WebKit.framework */,
				BB5C2A151895909F00EA1EEC /* Cocoa.framework */,
				BB5C2A37189590A000EA1EEC /* XCTest.framework */,
				BB5C2A171895909F00EA1EEC /* Other Frameworks */,
			);
			name = Frameworks;
			sourceTree = "<group>";
		};
		BB5C2A171895909F00EA1EEC /* Other Frameworks */ = {
			isa = PBXGroup;
			children = (
				BB5C2A181895909F00EA1EEC /* AppKit.framework */,
				BB5C2A191895909F00EA1EEC /* CoreData.framework */,
				BB5C2A1A1895909F00EA1EEC /* Foundation.framework */,
			);
			name = "Other Frameworks";
			sourceTree = "<group>";
		};
		BB5C2A1B1895909F00EA1EEC /* FestivalOrders */ = {
			isa = PBXGroup;
			children = (
				BB5F3F30189E3C100074A2F0 /* DataToImageTransformer.h */,
				BB5F3F31189E3C100074A2F0 /* DataToImageTransformer.m */,
				BBFFC9E1189A160200D2858D /* Controllers */,
				BB5C2A631895A18000EA1EEC /* Model */,
				BB5C2A271895909F00EA1EEC /* BOAppDelegate.h */,
				BB5C2A281895909F00EA1EEC /* BOAppDelegate.m */,
				BB5C2A2A1895909F00EA1EEC /* MainMenu.xib */,
				BB5C2A301895909F00EA1EEC /* Images.xcassets */,
				BB5C2A2D1895909F00EA1EEC /* FestivalOrders.xcdatamodeld */,
				BB5C2A1C1895909F00EA1EEC /* Supporting Files */,
				BB5F3F20189B6E850074A2F0 /* BOAggregatedOrders.h */,
				BB5F3F21189B6E850074A2F0 /* BOAggregatedOrders.m */,
				BB5F3F23189B7FC50074A2F0 /* BONullSortDescriptor.h */,
				BB5F3F24189B7FC50074A2F0 /* BONullSortDescriptor.m */,
			);
			path = FestivalOrders;
			sourceTree = "<group>";
		};
		BB5C2A1C1895909F00EA1EEC /* Supporting Files */ = {
			isa = PBXGroup;
			children = (
				BB05659918974E8B00A0AEAF /* vive.jpg */,
				BB5C2A1D1895909F00EA1EEC /* FestivalOrders-Info.plist */,
				BB5C2A1E1895909F00EA1EEC /* InfoPlist.strings */,
				BB5C2A211895909F00EA1EEC /* main.m */,
				BB5C2A231895909F00EA1EEC /* FestivalOrders-Prefix.pch */,
				BB5C2A241895909F00EA1EEC /* Credits.rtf */,
				BBF9AE451896DF850004629D /* EventOrders.html */,
				BB5F3F29189E20F00074A2F0 /* CategoryReport.html */,
				BBF9AE4C1896FF5B0004629D /* BandOrderReport.html */,
				BB5F3F2B189E2CA90074A2F0 /* BandOrderExpenseReport.html */,
				BBF9AE4E189707040004629D /* OrderForm.html */,
				BBF9AE50189707FB0004629D /* style.css */,
				BBF453771898C2C000E6B03C /* BandExpenseReport.html */,
			);
			name = "Supporting Files";
			sourceTree = "<group>";
		};
		BB5C2A3C189590A000EA1EEC /* FestivalOrdersTests */ = {
			isa = PBXGroup;
			children = (
				BB5C2A42189590A000EA1EEC /* FestivalOrdersTests.m */,
				BB5C2A3D189590A000EA1EEC /* Supporting Files */,
			);
			path = FestivalOrdersTests;
			sourceTree = "<group>";
		};
		BB5C2A3D189590A000EA1EEC /* Supporting Files */ = {
			isa = PBXGroup;
			children = (
				BB5C2A3E189590A000EA1EEC /* FestivalOrdersTests-Info.plist */,
				BB5C2A3F189590A000EA1EEC /* InfoPlist.strings */,
			);
			name = "Supporting Files";
			sourceTree = "<group>";
		};
		BB5C2A631895A18000EA1EEC /* Model */ = {
			isa = PBXGroup;
			children = (
				BB05659B1897523200A0AEAF /* InventoryCategory.h */,
				BB05659C1897523200A0AEAF /* InventoryCategory.m */,
				BB0565A41897523300A0AEAF /* BandCategory.h */,
				BB0565A51897523300A0AEAF /* BandCategory.m */,
				BB4350DE189856B900A79B7D /* EventInventoryReserves.h */,
				BB4350DF189856B900A79B7D /* EventInventoryReserves.m */,
				BB4350EA18987B2500A79B7D /* Inventory.h */,
				BB4350EB18987B2500A79B7D /* Inventory.m */,
				BBFFC9E6189A242400D2858D /* Order.h */,
				BBFFC9E7189A242400D2858D /* Order.m */,
				BB5F3F36189E3D7E0074A2F0 /* Event.h */,
				BB5F3F37189E3D7E0074A2F0 /* Event.m */,
				BB695019189F47BC001DE7AF /* Band.h */,
				BB69501A189F47BC001DE7AF /* Band.m */,
			);
			name = Model;
			sourceTree = "<group>";
		};
		BBFFC9E1189A160200D2858D /* Controllers */ = {
			isa = PBXGroup;
			children = (
				BB5C2A641895A2D100EA1EEC /* BOMainWindowController.h */,
				BB5C2A651895A2D100EA1EEC /* BOMainWindowController.m */,
				BBF9AE42189618AB0004629D /* BOEventViewController.h */,
				BBF9AE43189618AB0004629D /* BOEventViewController.m */,
				BBF9AE471896EA7B0004629D /* BOReportViewController.h */,
				BBF9AE481896EA7B0004629D /* BOReportViewController.m */,
				BB4350F41898925200A79B7D /* BOColor.h */,
				BB4350F51898925200A79B7D /* BOColor.m */,
				BBF45372189899B200E6B03C /* BOColorWellViewController.h */,
				BBF45373189899B200E6B03C /* BOColorWellViewController.m */,
				BBF45374189899B200E6B03C /* BOColorWellViewController.xib */,
				BBF453791899D39900E6B03C /* BONavBarViewController.h */,
				BBF4537A1899D39900E6B03C /* BONavBarViewController.m */,
				BBF4537C189A053000E6B03C /* BOBandViewController.h */,
				BBF4537D189A053000E6B03C /* BOBandViewController.m */,
				BBFFC9DE189A0E0F00D2858D /* BOOrderViewController.h */,
				BBFFC9DF189A0E0F00D2858D /* BOOrderViewController.m */,
				BBFFC9E2189A163200D2858D /* BODeliveriesViewController.h */,
				BBFFC9E3189A163200D2858D /* BODeliveriesViewController.m */,
			);
			name = Controllers;
			sourceTree = "<group>";
		};
/* End PBXGroup section */

/* Begin PBXNativeTarget section */
		BB5C2A111895909F00EA1EEC /* FestivalOrders */ = {
			isa = PBXNativeTarget;
			buildConfigurationList = BB5C2A46189590A000EA1EEC /* Build configuration list for PBXNativeTarget "FestivalOrders" */;
			buildPhases = (
				BB5C2A0E1895909F00EA1EEC /* Sources */,
				BB5C2A0F1895909F00EA1EEC /* Frameworks */,
				BB5C2A101895909F00EA1EEC /* Resources */,
			);
			buildRules = (
			);
			dependencies = (
			);
			name = FestivalOrders;
			productName = FestivalOrders;
			productReference = BB5C2A121895909F00EA1EEC /* FestivalOrders.app */;
			productType = "com.apple.product-type.application";
		};
		BB5C2A35189590A000EA1EEC /* FestivalOrdersTests */ = {
			isa = PBXNativeTarget;
			buildConfigurationList = BB5C2A49189590A000EA1EEC /* Build configuration list for PBXNativeTarget "FestivalOrdersTests" */;
			buildPhases = (
				BB5C2A32189590A000EA1EEC /* Sources */,
				BB5C2A33189590A000EA1EEC /* Frameworks */,
				BB5C2A34189590A000EA1EEC /* Resources */,
			);
			buildRules = (
			);
			dependencies = (
				BB5C2A3B189590A000EA1EEC /* PBXTargetDependency */,
			);
			name = FestivalOrdersTests;
			productName = FestivalOrdersTests;
			productReference = BB5C2A36189590A000EA1EEC /* FestivalOrdersTests.xctest */;
			productType = "com.apple.product-type.bundle.unit-test";
		};
/* End PBXNativeTarget section */

/* Begin PBXProject section */
		BB5C2A0A1895909F00EA1EEC /* Project object */ = {
			isa = PBXProject;
			attributes = {
				CLASSPREFIX = BO;
				LastUpgradeCheck = 0500;
				ORGANIZATIONNAME = "William Witt";
				TargetAttributes = {
					BB5C2A111895909F00EA1EEC = {
						DevelopmentTeam = GDRGHMWXXR;
					};
					BB5C2A35189590A000EA1EEC = {
						TestTargetID = BB5C2A111895909F00EA1EEC;
					};
				};
			};
			buildConfigurationList = BB5C2A0D1895909F00EA1EEC /* Build configuration list for PBXProject "FestivalOrders" */;
			compatibilityVersion = "Xcode 3.2";
			developmentRegion = English;
			hasScannedForEncodings = 0;
			knownRegions = (
				en,
				Base,
			);
			mainGroup = BB5C2A091895909F00EA1EEC;
			productRefGroup = BB5C2A131895909F00EA1EEC /* Products */;
			projectDirPath = "";
			projectRoot = "";
			targets = (
				BB5C2A111895909F00EA1EEC /* FestivalOrders */,
				BB5C2A35189590A000EA1EEC /* FestivalOrdersTests */,
			);
		};
/* End PBXProject section */

/* Begin PBXResourcesBuildPhase section */
		BB5C2A101895909F00EA1EEC /* Resources */ = {
			isa = PBXResourcesBuildPhase;
			buildActionMask = 2147483647;
			files = (
				BBF9AE461896DF850004629D /* EventOrders.html in Resources */,
				BBF9AE51189707FB0004629D /* style.css in Resources */,
				BB5C2A201895909F00EA1EEC /* InfoPlist.strings in Resources */,
				BBF9AE4D1896FF5B0004629D /* BandOrderReport.html in Resources */,
				BBF453781898C2C000E6B03C /* BandExpenseReport.html in Resources */,
				BB5C2A311895909F00EA1EEC /* Images.xcassets in Resources */,
				BB5F3F2C189E2CA90074A2F0 /* BandOrderExpenseReport.html in Resources */,
				BB05659A18974E8B00A0AEAF /* vive.jpg in Resources */,
				BB5C2A261895909F00EA1EEC /* Credits.rtf in Resources */,
				BB5F3F2A189E20F00074A2F0 /* CategoryReport.html in Resources */,
				BBF45376189899B200E6B03C /* BOColorWellViewController.xib in Resources */,
				BB5C2A2C1895909F00EA1EEC /* MainMenu.xib in Resources */,
				BBF9AE4F189707040004629D /* OrderForm.html in Resources */,
			);
			runOnlyForDeploymentPostprocessing = 0;
		};
		BB5C2A34189590A000EA1EEC /* Resources */ = {
			isa = PBXResourcesBuildPhase;
			buildActionMask = 2147483647;
			files = (
				BB5C2A41189590A000EA1EEC /* InfoPlist.strings in Resources */,
			);
			runOnlyForDeploymentPostprocessing = 0;
		};
/* End PBXResourcesBuildPhase section */

/* Begin PBXSourcesBuildPhase section */
		BB5C2A0E1895909F00EA1EEC /* Sources */ = {
			isa = PBXSourcesBuildPhase;
			buildActionMask = 2147483647;
			files = (
				BB5F3F25189B7FC50074A2F0 /* BONullSortDescriptor.m in Sources */,
				BBFFC9E0189A0E0F00D2858D /* BOOrderViewController.m in Sources */,
				BB0565A61897523300A0AEAF /* BandCategory.m in Sources */,
				BBF45375189899B200E6B03C /* BOColorWellViewController.m in Sources */,
				BB5C2A221895909F00EA1EEC /* main.m in Sources */,
				BBF9AE44189618AB0004629D /* BOEventViewController.m in Sources */,
				BB5F3F28189E15DA0074A2F0 /* NSColor+BOColor.m in Sources */,
				BB4350E0189856B900A79B7D /* EventInventoryReserves.m in Sources */,
				BB69501B189F47BC001DE7AF /* Band.m in Sources */,
				BBF4537E189A053000E6B03C /* BOBandViewController.m in Sources */,
				BB5F3F38189E3D7E0074A2F0 /* Event.m in Sources */,
				BB4350EC18987B2500A79B7D /* Inventory.m in Sources */,
				BB4350F61898925200A79B7D /* BOColor.m in Sources */,
				BB05659D1897523200A0AEAF /* InventoryCategory.m in Sources */,
				BB5C2A291895909F00EA1EEC /* BOAppDelegate.m in Sources */,
				BB5C2A2F1895909F00EA1EEC /* FestivalOrders.xcdatamodeld in Sources */,
				BBF4537B1899D39900E6B03C /* BONavBarViewController.m in Sources */,
				BBFFC9E8189A242400D2858D /* Order.m in Sources */,
				BB5C2A671895A2D100EA1EEC /* BOMainWindowController.m in Sources */,
				BB5F3F32189E3C100074A2F0 /* DataToImageTransformer.m in Sources */,
				BBF9AE491896EA7B0004629D /* BOReportViewController.m in Sources */,
				BB5F3F22189B6E850074A2F0 /* BOAggregatedOrders.m in Sources */,
				BBFFC9E4189A163200D2858D /* BODeliveriesViewController.m in Sources */,
			);
			runOnlyForDeploymentPostprocessing = 0;
		};
		BB5C2A32189590A000EA1EEC /* Sources */ = {
			isa = PBXSourcesBuildPhase;
			buildActionMask = 2147483647;
			files = (
				BB5C2A43189590A000EA1EEC /* FestivalOrdersTests.m in Sources */,
			);
			runOnlyForDeploymentPostprocessing = 0;
		};
/* End PBXSourcesBuildPhase section */

/* Begin PBXTargetDependency section */
		BB5C2A3B189590A000EA1EEC /* PBXTargetDependency */ = {
			isa = PBXTargetDependency;
			target = BB5C2A111895909F00EA1EEC /* FestivalOrders */;
			targetProxy = BB5C2A3A189590A000EA1EEC /* PBXContainerItemProxy */;
		};
/* End PBXTargetDependency section */

/* Begin PBXVariantGroup section */
		BB5C2A1E1895909F00EA1EEC /* InfoPlist.strings */ = {
			isa = PBXVariantGroup;
			children = (
				BB5C2A1F1895909F00EA1EEC /* en */,
			);
			name = InfoPlist.strings;
			sourceTree = "<group>";
		};
		BB5C2A241895909F00EA1EEC /* Credits.rtf */ = {
			isa = PBXVariantGroup;
			children = (
				BB5C2A251895909F00EA1EEC /* en */,
			);
			name = Credits.rtf;
			sourceTree = "<group>";
		};
		BB5C2A2A1895909F00EA1EEC /* MainMenu.xib */ = {
			isa = PBXVariantGroup;
			children = (
				BB5C2A2B1895909F00EA1EEC /* Base */,
			);
			name = MainMenu.xib;
			sourceTree = "<group>";
		};
		BB5C2A3F189590A000EA1EEC /* InfoPlist.strings */ = {
			isa = PBXVariantGroup;
			children = (
				BB5C2A40189590A000EA1EEC /* en */,
			);
			name = InfoPlist.strings;
			sourceTree = "<group>";
		};
/* End PBXVariantGroup section */

/* Begin XCBuildConfiguration section */
		BB5C2A44189590A000EA1EEC /* Debug */ = {
			isa = XCBuildConfiguration;
			buildSettings = {
				ALWAYS_SEARCH_USER_PATHS = NO;
				CLANG_CXX_LANGUAGE_STANDARD = "gnu++0x";
				CLANG_CXX_LIBRARY = "libc++";
				CLANG_ENABLE_OBJC_ARC = YES;
				CLANG_WARN_BOOL_CONVERSION = YES;
				CLANG_WARN_CONSTANT_CONVERSION = YES;
				CLANG_WARN_DIRECT_OBJC_ISA_USAGE = YES_ERROR;
				CLANG_WARN_EMPTY_BODY = YES;
				CLANG_WARN_ENUM_CONVERSION = YES;
				CLANG_WARN_INT_CONVERSION = YES;
				CLANG_WARN_OBJC_ROOT_CLASS = YES_ERROR;
				CLANG_WARN__DUPLICATE_METHOD_MATCH = YES;
				COPY_PHASE_STRIP = NO;
				GCC_C_LANGUAGE_STANDARD = gnu99;
				GCC_DYNAMIC_NO_PIC = NO;
				GCC_ENABLE_OBJC_EXCEPTIONS = YES;
				GCC_OPTIMIZATION_LEVEL = 0;
				GCC_PREPROCESSOR_DEFINITIONS = (
					"DEBUG=1",
					"$(inherited)",
				);
				GCC_SYMBOLS_PRIVATE_EXTERN = NO;
				GCC_WARN_64_TO_32_BIT_CONVERSION = YES;
				GCC_WARN_ABOUT_RETURN_TYPE = YES_ERROR;
				GCC_WARN_UNDECLARED_SELECTOR = YES;
				GCC_WARN_UNINITIALIZED_AUTOS = YES;
				GCC_WARN_UNUSED_FUNCTION = YES;
				GCC_WARN_UNUSED_VARIABLE = YES;
				MACOSX_DEPLOYMENT_TARGET = 10.9;
				ONLY_ACTIVE_ARCH = YES;
				SDKROOT = macosx;
			};
			name = Debug;
		};
		BB5C2A45189590A000EA1EEC /* Release */ = {
			isa = XCBuildConfiguration;
			buildSettings = {
				ALWAYS_SEARCH_USER_PATHS = NO;
				CLANG_CXX_LANGUAGE_STANDARD = "gnu++0x";
				CLANG_CXX_LIBRARY = "libc++";
				CLANG_ENABLE_OBJC_ARC = YES;
				CLANG_WARN_BOOL_CONVERSION = YES;
				CLANG_WARN_CONSTANT_CONVERSION = YES;
				CLANG_WARN_DIRECT_OBJC_ISA_USAGE = YES_ERROR;
				CLANG_WARN_EMPTY_BODY = YES;
				CLANG_WARN_ENUM_CONVERSION = YES;
				CLANG_WARN_INT_CONVERSION = YES;
				CLANG_WARN_OBJC_ROOT_CLASS = YES_ERROR;
				CLANG_WARN__DUPLICATE_METHOD_MATCH = YES;
				COPY_PHASE_STRIP = YES;
				DEBUG_INFORMATION_FORMAT = "dwarf-with-dsym";
				ENABLE_NS_ASSERTIONS = NO;
				GCC_C_LANGUAGE_STANDARD = gnu99;
				GCC_ENABLE_OBJC_EXCEPTIONS = YES;
				GCC_WARN_64_TO_32_BIT_CONVERSION = YES;
				GCC_WARN_ABOUT_RETURN_TYPE = YES_ERROR;
				GCC_WARN_UNDECLARED_SELECTOR = YES;
				GCC_WARN_UNINITIALIZED_AUTOS = YES;
				GCC_WARN_UNUSED_FUNCTION = YES;
				GCC_WARN_UNUSED_VARIABLE = YES;
				MACOSX_DEPLOYMENT_TARGET = 10.9;
				SDKROOT = macosx;
			};
			name = Release;
		};
		BB5C2A47189590A000EA1EEC /* Debug */ = {
			isa = XCBuildConfiguration;
			buildSettings = {
				ASSETCATALOG_COMPILER_APPICON_NAME = AppIcon;
				CODE_SIGN_IDENTITY = "Mac Developer";
				"CODE_SIGN_IDENTITY[sdk=macosx*]" = "Mac Developer";
				COMBINE_HIDPI_IMAGES = YES;
				GCC_PRECOMPILE_PREFIX_HEADER = YES;
				GCC_PREFIX_HEADER = "FestivalOrders/FestivalOrders-Prefix.pch";
				INFOPLIST_FILE = "FestivalOrders/FestivalOrders-Info.plist";
				PRODUCT_NAME = "$(TARGET_NAME)";
				PROVISIONING_PROFILE = "";
				WRAPPER_EXTENSION = app;
			};
			name = Debug;
		};
		BB5C2A48189590A000EA1EEC /* Release */ = {
			isa = XCBuildConfiguration;
			buildSettings = {
				ASSETCATALOG_COMPILER_APPICON_NAME = AppIcon;
				CODE_SIGN_IDENTITY = "Mac Developer";
				"CODE_SIGN_IDENTITY[sdk=macosx*]" = "Mac Developer";
				COMBINE_HIDPI_IMAGES = YES;
				GCC_PRECOMPILE_PREFIX_HEADER = YES;
				GCC_PREFIX_HEADER = "FestivalOrders/FestivalOrders-Prefix.pch";
				INFOPLIST_FILE = "FestivalOrders/FestivalOrders-Info.plist";
				PRODUCT_NAME = "$(TARGET_NAME)";
				PROVISIONING_PROFILE = "";
				WRAPPER_EXTENSION = app;
			};
			name = Release;
		};
		BB5C2A4A189590A000EA1EEC /* Debug */ = {
			isa = XCBuildConfiguration;
			buildSettings = {
				BUNDLE_LOADER = "$(BUILT_PRODUCTS_DIR)/FestivalOrders.app/Contents/MacOS/FestivalOrders";
				COMBINE_HIDPI_IMAGES = YES;
				FRAMEWORK_SEARCH_PATHS = (
					"$(DEVELOPER_FRAMEWORKS_DIR)",
					"$(inherited)",
				);
				GCC_PRECOMPILE_PREFIX_HEADER = YES;
				GCC_PREFIX_HEADER = "FestivalOrders/FestivalOrders-Prefix.pch";
				GCC_PREPROCESSOR_DEFINITIONS = (
					"DEBUG=1",
					"$(inherited)",
				);
				INFOPLIST_FILE = "FestivalOrdersTests/FestivalOrdersTests-Info.plist";
				PRODUCT_NAME = "$(TARGET_NAME)";
				TEST_HOST = "$(BUNDLE_LOADER)";
				WRAPPER_EXTENSION = xctest;
			};
			name = Debug;
		};
		BB5C2A4B189590A000EA1EEC /* Release */ = {
			isa = XCBuildConfiguration;
			buildSettings = {
				BUNDLE_LOADER = "$(BUILT_PRODUCTS_DIR)/FestivalOrders.app/Contents/MacOS/FestivalOrders";
				COMBINE_HIDPI_IMAGES = YES;
				FRAMEWORK_SEARCH_PATHS = (
					"$(DEVELOPER_FRAMEWORKS_DIR)",
					"$(inherited)",
				);
				GCC_PRECOMPILE_PREFIX_HEADER = YES;
				GCC_PREFIX_HEADER = "FestivalOrders/FestivalOrders-Prefix.pch";
				INFOPLIST_FILE = "FestivalOrdersTests/FestivalOrdersTests-Info.plist";
				PRODUCT_NAME = "$(TARGET_NAME)";
				TEST_HOST = "$(BUNDLE_LOADER)";
				WRAPPER_EXTENSION = xctest;
			};
			name = Release;
		};
/* End XCBuildConfiguration section */

/* Begin XCConfigurationList section */
		BB5C2A0D1895909F00EA1EEC /* Build configuration list for PBXProject "FestivalOrders" */ = {
			isa = XCConfigurationList;
			buildConfigurations = (
				BB5C2A44189590A000EA1EEC /* Debug */,
				BB5C2A45189590A000EA1EEC /* Release */,
			);
			defaultConfigurationIsVisible = 0;
			defaultConfigurationName = Release;
		};
		BB5C2A46189590A000EA1EEC /* Build configuration list for PBXNativeTarget "FestivalOrders" */ = {
			isa = XCConfigurationList;
			buildConfigurations = (
				BB5C2A47189590A000EA1EEC /* Debug */,
				BB5C2A48189590A000EA1EEC /* Release */,
			);
			defaultConfigurationIsVisible = 0;
			defaultConfigurationName = Release;
		};
		BB5C2A49189590A000EA1EEC /* Build configuration list for PBXNativeTarget "FestivalOrdersTests" */ = {
			isa = XCConfigurationList;
			buildConfigurations = (
				BB5C2A4A189590A000EA1EEC /* Debug */,
				BB5C2A4B189590A000EA1EEC /* Release */,
			);
			defaultConfigurationIsVisible = 0;
			defaultConfigurationName = Release;
		};
/* End XCConfigurationList section */

/* Begin XCVersionGroup section */
		BB5C2A2D1895909F00EA1EEC /* FestivalOrders.xcdatamodeld */ = {
			isa = XCVersionGroup;
			children = (
				BBD8B77818972B1900662AD1 /* FestivalOrders 2.xcdatamodel */,
				BBFFC9E5189A239800D2858D /* FestivalOrders 3.xcdatamodel */,
				BB695015189F463C001DE7AF /* FestivalOrders 4.xcdatamodel */,
				BB5C2A2E1895909F00EA1EEC /* FestivalOrders.xcdatamodel */,
			);
			currentVersion = BB695015189F463C001DE7AF /* FestivalOrders 4.xcdatamodel */;
			path = FestivalOrders.xcdatamodeld;
			sourceTree = "<group>";
			versionGroupType = wrapper.xcdatamodel;
		};
/* End XCVersionGroup section */
	};
	rootObject = BB5C2A0A1895909F00EA1EEC /* Project object */;
}
